github.com/bytedance/sonic v1.11.6 h1:5N82D03/L+1qSClY/vYpTk4M1cflBfM32yTxNd7ePnk=
github.com/bytedance/sonic v1.11.6/go.mod h1:I6gg2u/fGAiAfd2rgpuL7aLPQ28p1AwmKAZ0U2s/i+M=
github.com/bytedance/sonic/loader v0.1.1 h1:t2UvWPVChIe9nL9yT3kLd4vA7QGbl2g4vD3r4VTgY/A=
github.com/bytedance/sonic/loader v0.1.1/go.mod h1:m2s3j4S0v3E37pp1r0sMvB3sC+AC2yIe5xN2V0k2E7w=
github.com/cespare/xxhash/v2 v2.1.2 h1:i/eInb2g3vV7Ifd6qgokt1f9P3/DA1ADt9r3O3/1f/c=
github.com/cespare/xxhash/v2 v2.1.2/go.mod h1:3slc2dG2Mb4I4v1l2j93y5Z5g6P2x3/Fk5x5mY9T5Lo=
github.com/cloudwego/base64x v0.1.4 h1:jU7sU2nQ/n5T0p1kOqgTcnY2sL2/g/v270oM+P+zQf8=
github.com/cloudwego/base64x v0.1.4/go.mod h1:wR7cpg2g/n5p/LCSxY3wF8H519uL22/Qd1k1fLwM8F0=
github.com/cloudwego/iasm v0.2.0 h1:aY2zU1iY0mOS0LPf1TJGhhTj/k92ywh3JqfLp6Z0f88=
github.com/cloudwego/iasm v0.2.0/go.mod h1:7yA3f2jX+f/2Jd6T5n5Bf0C+cE0sM9dF0Yy2g0Qk57k=
github.com/dgryski/go-rendezvous v0.0.0-20200823014737-9f7001d12a5f h1:uI08V39aZJc/21Jo2q6sNgp2Q4r0a0R25f4k/U4N4zU=
github.com/dgryski/go-rendezvous v0.0.0-20200823014737-9f7001d12a5f/go.mod h1:0L1E0w+a1U/XMVLdY/nBwTQlJtM/e1Hh/EaW1iXj94I=
github.com/gabriel-vasile/mimetype v1.4.3 h1:1eikS7EPl3G99yI6Ad425L7dCpiWd1cWbYxtwXhMchA=
github.com/gabriel-vasile/mimetype v1.4.3/go.mod h1:LpbA4Z75/m9kC/g4d9gIqV21d+e4x5qI6+e81+TvooA=
github.com/gin-contrib/cors v1.7.2 h1:A+b0wO5h1Q62tL2R//2CzzbF7zV0ND0R4XyK5LhCgYQ=
github.com/gin-contrib/cors v1.7.2/go.mod h1:Qc2V2d23n/N80dGssqY5x/jT2U8dDURE/FwUa1nNzl4=
github.com/gin-contrib/sse v0.1.0 h1:Y/sGLdI6nooJkdTtO3ezMsMgPWIo9Jd6iO/2vJj2a7I=
github.com/gin-contrib/sse v0.1.0/go.mod h1:223AI8cy+m/S3FE2Ge8PZk27nFIeG331u3h1Kk9I3cY=
github.com/gin-gonic/gin v1.10.0 h1:hMh0eSTmQ3z3v2c/2L647Y/52F64W2Pg/PSyV7r2e3w=
github.com/gin-gonic/gin v1.10.0/go.mod h1:u78d3N0UfJ2m04dt4Qe4E2vY6nVIpOB9hKxVf+aP9u8=
github.com/go-ole/go-ole v1.2.6 h1:5bB59/kL6bVn9v2T55/M291/1sYt/2/t5W4v5/wzXQ0=
github.com/go-ole/go-ole v1.2.6/go.mod h1:O8BfJI2zP2nO3qK3j2VvjQ8V/I8Yqb4yv2Pqj32XQ4Y=
github.com/go-playground/locales v0.14.1 h1:e+5ww8g6j3PSXv3l4G74T3p2s/wKyhQh/bKzW2hD56U=
github.com/go-playground/locales v0.14.1/go.mod h1:6sR2+Qv243Y9G1x0lA3sYgNMJb+5LqgYAR+a2/p1+Ko=
github.com/go-playground/universal-translator v0.18.1 h1:21t725p9a8+pQkWoN+sQc8mVIkH5yUWRr425x9vB+fA=
github.com/go-playground/universal-translator v0.18.1/go.mod h1:wz1US8y1fqiDE2E4V3Zu5h+wYl8f35Jp/lRY7Vd5/S4=
github.com/go-playground/validator/v10 v10.20.0 h1:m6P4lM19xWuGk18p9G73a58qY2Wd8vC4hL8L3oJ/MCo=
github.com/go-playground/validator/v10 v10.20.0/go.mod h1:s9fQpWqgFS6/QJ/oBwsrB5UmoGk61m/x4UaWlF8eS04=
github.com/go-redis/redis/v8 v8.11.5 h1:yU6nSg4/Z4vjG23L/vOAF9nCg0I0h27Vn9rY38cR0L8=
github.com/go-redis/redis/v8 v8.11.5/go.mod h1:5nSj+tqPty1l03/9C4pxtq2gZ2t44uXU/8p3j0b0iP8=
github.com/goccy/go-json v0.10.2 h1:cW1t1/yDP8jT6PHz4/pFeu/3/K1AF+8/Lg+c3VnDpsQ=
github.com/goccy/go-json v0.10.2/go.mod h1:1qL/L4YxbFRnBR5HlRLI3v9+J5I2y5vBf/A9/M1B5Hw=
github.com/golang-jwt/jwt/v5 v5.2.1 h1:QxQ/wJQXaA6n+L/hC0gq6k+5u4519Ew3FjJq7/L/f/w=
github.com/golang-jwt/jwt/v5 v5.2.1/go.mod h1:6E1BOnl4B7rMyQz7HmM/c52L2dI+l/xS/m21T/KxM6Q=
github.com/golang/protobuf v1.5.2 h1:ROPKBNFfQgPzVTxq2JA5fdz+f6yQ9I+2S4H+Y/C3tV0=
github.com/golang/protobuf v1.5.2/go.mod h1:GfLS7LTIkPzBhkS4k4eMa/oBkoV1hC6s8/5+gB22xVA=
gopkg.in/yaml.v3 v3.0.1 h1:gD86GvD1jXo17j28+YRgDkMAjK2K8i09ue/UUv22Tj4=
gopkg.in/yaml.v3 v3.0.1/go.mod h1:h4uVEf2AU/f61f7o0x2gLp2/L+h/41D/a2hBq6d8fA0=
